# THIS IS AN AUTOGENERATED FILE. DO NOT EDIT THIS FILE DIRECTLY.
# yarn lockfile v1


adm-zip@^0.5.4:
  version "0.5.4"
  resolved "https://registry.yarnpkg.com/adm-zip/-/adm-zip-0.5.4.tgz#af1f08c92cf9aa21b525231bce340fbdc39bd265"
  integrity sha512-GMQg1a1cAegh+/EgWbz+XHZrwB467iB/IgtToldvxs7Xa5Br8mPmvCeRfY/Un2fLzrlIPt6Yu7Cej+8Ut9TGPg==

follow-redirects@^1.10.0:
  version "1.14.8"
  resolved "https://registry.yarnpkg.com/follow-redirects/-/follow-redirects-1.14.8.tgz#016996fb9a11a100566398b1c6839337d7bfa8fc"
  integrity sha512-1x0S9UVJHsQprFcEC/qnNzBLcIxsjAV905f/UkQxbclCsoTWlacCNOpQa/anodLl2uaEKFhfWOvM2Qg77+15zA==
