# THIS IS AN AUTOGENERATED FILE. DO NOT EDIT THIS FILE DIRECTLY.
# yarn lockfile v1


adm-zip@^0.5.4:
  version "0.5.5"
  resolved "https://registry.yarnpkg.com/adm-zip/-/adm-zip-0.5.5.tgz#b6549dbea741e4050309f1bb4d47c47397ce2c4f"
  integrity sha512-IWwXKnCbirdbyXSfUDvCCrmYrOHANRZcc8NcRrvTlIApdl7PwE9oGcsYvNeJPAVY1M+70b4PxXGKIf8AEuiQ6w==

deno-bin@^1.8.3-r2:
  version "1.8.3-r2"
  resolved "https://registry.yarnpkg.com/deno-bin/-/deno-bin-1.8.3-r2.tgz#beab0de9c29c12025ffda23fb4694f26b585417c"
  integrity sha512-mXkaGj7TotvrOV4zywJ/1yn517kiqAbM5xP0v/WvJyGWY/sPN6iC9+yKfX08YO9puI0ZHufGQAxujBrgCJ+5Gg==
  dependencies:
    adm-zip "^0.5.4"
    follow-redirects "^1.10.0"

follow-redirects@^1.10.0:
  version "1.15.2"
  resolved "https://registry.yarnpkg.com/follow-redirects/-/follow-redirects-1.15.2.tgz#b460864144ba63f2681096f274c4e57026da2c13"
  integrity sha512-VQLG33o04KaQ8uYi2tVNbdrWp1QWxNNea+nmIB4EVM28v0hmP17z7aG1+wAkNzVq4KeXTq3221ye5qTJP91JwA==
