# THIS IS AN AUTOGENERATED FILE. DO NOT EDIT THIS FILE DIRECTLY.
# yarn lockfile v1


adm-zip@^0.5.4:
  version "0.5.5"
  resolved "https://registry.yarnpkg.com/adm-zip/-/adm-zip-0.5.5.tgz#b6549dbea741e4050309f1bb4d47c47397ce2c4f"
  integrity sha512-IWwXKnCbirdbyXSfUDvCCrmYrOHANRZcc8NcRrvTlIApdl7PwE9oGcsYvNeJPAVY1M+70b4PxXGKIf8AEuiQ6w==

deno-bin@^1.8.3-r2:
  version "1.8.3-r2"
  resolved "https://registry.yarnpkg.com/deno-bin/-/deno-bin-1.8.3-r2.tgz#beab0de9c29c12025ffda23fb4694f26b585417c"
  integrity sha512-mXkaGj7TotvrOV4zywJ/1yn517kiqAbM5xP0v/WvJyGWY/sPN6iC9+yKfX08YO9puI0ZHufGQAxujBrgCJ+5Gg==
  dependencies:
    adm-zip "^0.5.4"
    follow-redirects "^1.10.0"

follow-redirects@^1.10.0:
  version "1.15.6"
  resolved "https://registry.yarnpkg.com/follow-redirects/-/follow-redirects-1.15.6.tgz#7f815c0cda4249c74ff09e95ef97c23b5fd0399b"
  integrity sha512-wWN62YITEaOpSK584EZXJafH1AGpO8RVgElfkuXbTOrPX4fIfOyEpW/CsiNd8JdYrAoOvafRTOEnvsO++qCqFA==
